{
  "name": "contracts",
  "version": "1.0.0",
  "lockfileVersion": 3,
  "requires": true,
  "packages": {
    "": {
      "name": "contracts",
      "version": "1.0.0",
      "license": "ISC",
      "dependencies": {
        "@somnia-chain/reactivity-contracts": "^0.2.0"
      }
    },
    "node_modules/@somnia-chain/reactivity-contracts": {
      "version": "0.2.0",
      "resolved": "https://registry.npmjs.org/@somnia-chain/reactivity-contracts/-/reactivity-contracts-0.2.0.tgz",
      "integrity": "sha512-/L4bYsOJacQEi3OPi1n+OZxuP5lj3u9gflDNar2IanVPTY1/lacew1+VAEO/bXXgw36/eoe+kQ2S01LD98KY6g==",
      "license": "MIT"
    }
  }
}
